// !$*UTF8*$!
{
	archiveVersion = 1;
	classes = {
	};
	objectVersion = 56;
	objects = {

/* Begin PBXBuildFile section */
		623B541229B343E400F1939D /* AppDelegate.swift in Sources */ = {isa = PBXBuildFile; fileRef = 623B541129B343E400F1939D /* AppDelegate.swift */; };
		623B541429B343E400F1939D /* SceneDelegate.swift in Sources */ = {isa = PBXBuildFile; fileRef = 623B541329B343E400F1939D /* SceneDelegate.swift */; };
		623B541C29B343E400F1939D /* Netflix_Clone.xcdatamodeld in Sources */ = {isa = PBXBuildFile; fileRef = 623B541A29B343E400F1939D /* Netflix_Clone.xcdatamodeld */; };
		623B541E29B343E500F1939D /* Assets.xcassets in Resources */ = {isa = PBXBuildFile; fileRef = 623B541D29B343E500F1939D /* Assets.xcassets */; };
		623B542129B343E500F1939D /* LaunchScreen.storyboard in Resources */ = {isa = PBXBuildFile; fileRef = 623B541F29B343E500F1939D /* LaunchScreen.storyboard */; };
		623B542D29B347DC00F1939D /* AnimationVC.swift in Sources */ = {isa = PBXBuildFile; fileRef = 623B542C29B347DC00F1939D /* AnimationVC.swift */; };
		623B543029B3486800F1939D /* Lottie in Frameworks */ = {isa = PBXBuildFile; productRef = 623B542F29B3486800F1939D /* Lottie */; };
		623B543329B3489A00F1939D /* netflix.json in Resources */ = {isa = PBXBuildFile; fileRef = 623B543229B3489A00F1939D /* netflix.json */; };
		623B543629B3499900F1939D /* SnapKit in Frameworks */ = {isa = PBXBuildFile; productRef = 623B543529B3499900F1939D /* SnapKit */; };
		623B543929B34B5C00F1939D /* Presentation.swift in Sources */ = {isa = PBXBuildFile; fileRef = 623B543829B34B5C00F1939D /* Presentation.swift */; };
		623B543C29B34B7900F1939D /* Hero in Frameworks */ = {isa = PBXBuildFile; productRef = 623B543B29B34B7900F1939D /* Hero */; };
		623B543E29B34BB800F1939D /* Onboarding1VC.swift in Sources */ = {isa = PBXBuildFile; fileRef = 623B543D29B34BB800F1939D /* Onboarding1VC.swift */; };
		623B544029B34FF800F1939D /* ScreenW-H.swift in Sources */ = {isa = PBXBuildFile; fileRef = 623B543F29B34FF800F1939D /* ScreenW-H.swift */; };
		623B544829B3570E00F1939D /* Fonts.swift in Sources */ = {isa = PBXBuildFile; fileRef = 623B544729B3570E00F1939D /* Fonts.swift */; };
		623B544929B3579600F1939D /* Inter-Regular.ttf in Resources */ = {isa = PBXBuildFile; fileRef = 623B544429B3567F00F1939D /* Inter-Regular.ttf */; };
		623B544A29B3579600F1939D /* Inter-SemiBold.ttf in Resources */ = {isa = PBXBuildFile; fileRef = 623B544629B3567F00F1939D /* Inter-SemiBold.ttf */; };
		623B544B29B3579600F1939D /* Inter-Bold.ttf in Resources */ = {isa = PBXBuildFile; fileRef = 623B544529B3567F00F1939D /* Inter-Bold.ttf */; };
		623B544C29B3579600F1939D /* Inter-Light.ttf in Resources */ = {isa = PBXBuildFile; fileRef = 623B544229B3567E00F1939D /* Inter-Light.ttf */; };
		623B544D29B3579600F1939D /* Inter-Medium.ttf in Resources */ = {isa = PBXBuildFile; fileRef = 623B544329B3567E00F1939D /* Inter-Medium.ttf */; };
		623B544F29B35EEC00F1939D /* Onboarding2VC.swift in Sources */ = {isa = PBXBuildFile; fileRef = 623B544E29B35EEC00F1939D /* Onboarding2VC.swift */; };
		623B545129B361F200F1939D /* Onboarding3VC.swift in Sources */ = {isa = PBXBuildFile; fileRef = 623B545029B361F200F1939D /* Onboarding3VC.swift */; };
		623B545329B3626200F1939D /* Onboarding4VC.swift in Sources */ = {isa = PBXBuildFile; fileRef = 623B545229B3626200F1939D /* Onboarding4VC.swift */; };
		623B545729B3665200F1939D /* LoginVC.swift in Sources */ = {isa = PBXBuildFile; fileRef = 623B545629B3665200F1939D /* LoginVC.swift */; };
		625C6CD329BC6E2A002BF001 /* FirebaseAnalytics in Frameworks */ = {isa = PBXBuildFile; productRef = 625C6CD229BC6E2A002BF001 /* FirebaseAnalytics */; };
		625C6CD529BC6E2A002BF001 /* FirebaseAuth in Frameworks */ = {isa = PBXBuildFile; productRef = 625C6CD429BC6E2A002BF001 /* FirebaseAuth */; };
		625C6CD729BC6E2A002BF001 /* FirebaseCrashlytics in Frameworks */ = {isa = PBXBuildFile; productRef = 625C6CD629BC6E2A002BF001 /* FirebaseCrashlytics */; };
		625C6CD929BC6E2A002BF001 /* FirebaseDatabase in Frameworks */ = {isa = PBXBuildFile; productRef = 625C6CD829BC6E2A002BF001 /* FirebaseDatabase */; };
		625C6CDB29BC6E2A002BF001 /* FirebaseDynamicLinks in Frameworks */ = {isa = PBXBuildFile; productRef = 625C6CDA29BC6E2A002BF001 /* FirebaseDynamicLinks */; };
		625C6CDD29BC6E2A002BF001 /* FirebaseFirestore in Frameworks */ = {isa = PBXBuildFile; productRef = 625C6CDC29BC6E2A002BF001 /* FirebaseFirestore */; };
		625C6CDF29BC6E2A002BF001 /* FirebaseStorage in Frameworks */ = {isa = PBXBuildFile; productRef = 625C6CDE29BC6E2A002BF001 /* FirebaseStorage */; };
		625C6CE129BC71A6002BF001 /* GoogleService-Info.plist in Resources */ = {isa = PBXBuildFile; fileRef = 625C6CE029BC71A6002BF001 /* GoogleService-Info.plist */; };
		6274682A29B3DEBF00BFB69F /* HomeVC.swift in Sources */ = {isa = PBXBuildFile; fileRef = 6274682929B3DEBF00BFB69F /* HomeVC.swift */; };
/* End PBXBuildFile section */

/* Begin PBXFileReference section */
		623B540E29B343E400F1939D /* Netflix_Clone.app */ = {isa = PBXFileReference; explicitFileType = wrapper.application; includeInIndex = 0; path = Netflix_Clone.app; sourceTree = BUILT_PRODUCTS_DIR; };
		623B541129B343E400F1939D /* AppDelegate.swift */ = {isa = PBXFileReference; lastKnownFileType = sourcecode.swift; path = AppDelegate.swift; sourceTree = "<group>"; };
		623B541329B343E400F1939D /* SceneDelegate.swift */ = {isa = PBXFileReference; lastKnownFileType = sourcecode.swift; path = SceneDelegate.swift; sourceTree = "<group>"; };
		623B541B29B343E400F1939D /* Netflix_Clone.xcdatamodel */ = {isa = PBXFileReference; lastKnownFileType = wrapper.xcdatamodel; path = Netflix_Clone.xcdatamodel; sourceTree = "<group>"; };
		623B541D29B343E500F1939D /* Assets.xcassets */ = {isa = PBXFileReference; lastKnownFileType = folder.assetcatalog; path = Assets.xcassets; sourceTree = "<group>"; };
		623B542029B343E500F1939D /* Base */ = {isa = PBXFileReference; lastKnownFileType = file.storyboard; name = Base; path = Base.lproj/LaunchScreen.storyboard; sourceTree = "<group>"; };
		623B542229B343E500F1939D /* Info.plist */ = {isa = PBXFileReference; lastKnownFileType = text.plist.xml; path = Info.plist; sourceTree = "<group>"; };
		623B542C29B347DC00F1939D /* AnimationVC.swift */ = {isa = PBXFileReference; lastKnownFileType = sourcecode.swift; path = AnimationVC.swift; sourceTree = "<group>"; };
		623B543229B3489A00F1939D /* netflix.json */ = {isa = PBXFileReference; fileEncoding = 4; lastKnownFileType = text.json; path = netflix.json; sourceTree = "<group>"; };
		623B543829B34B5C00F1939D /* Presentation.swift */ = {isa = PBXFileReference; lastKnownFileType = sourcecode.swift; path = Presentation.swift; sourceTree = "<group>"; };
		623B543D29B34BB800F1939D /* Onboarding1VC.swift */ = {isa = PBXFileReference; lastKnownFileType = sourcecode.swift; path = Onboarding1VC.swift; sourceTree = "<group>"; };
		623B543F29B34FF800F1939D /* ScreenW-H.swift */ = {isa = PBXFileReference; lastKnownFileType = sourcecode.swift; path = "ScreenW-H.swift"; sourceTree = "<group>"; };
		623B544229B3567E00F1939D /* Inter-Light.ttf */ = {isa = PBXFileReference; lastKnownFileType = file; path = "Inter-Light.ttf"; sourceTree = "<group>"; };
		623B544329B3567E00F1939D /* Inter-Medium.ttf */ = {isa = PBXFileReference; lastKnownFileType = file; path = "Inter-Medium.ttf"; sourceTree = "<group>"; };
		623B544429B3567F00F1939D /* Inter-Regular.ttf */ = {isa = PBXFileReference; lastKnownFileType = file; path = "Inter-Regular.ttf"; sourceTree = "<group>"; };
		623B544529B3567F00F1939D /* Inter-Bold.ttf */ = {isa = PBXFileReference; lastKnownFileType = file; path = "Inter-Bold.ttf"; sourceTree = "<group>"; };
		623B544629B3567F00F1939D /* Inter-SemiBold.ttf */ = {isa = PBXFileReference; lastKnownFileType = file; path = "Inter-SemiBold.ttf"; sourceTree = "<group>"; };
		623B544729B3570E00F1939D /* Fonts.swift */ = {isa = PBXFileReference; lastKnownFileType = sourcecode.swift; path = Fonts.swift; sourceTree = "<group>"; };
		623B544E29B35EEC00F1939D /* Onboarding2VC.swift */ = {isa = PBXFileReference; lastKnownFileType = sourcecode.swift; path = Onboarding2VC.swift; sourceTree = "<group>"; };
		623B545029B361F200F1939D /* Onboarding3VC.swift */ = {isa = PBXFileReference; lastKnownFileType = sourcecode.swift; path = Onboarding3VC.swift; sourceTree = "<group>"; };
		623B545229B3626200F1939D /* Onboarding4VC.swift */ = {isa = PBXFileReference; lastKnownFileType = sourcecode.swift; path = Onboarding4VC.swift; sourceTree = "<group>"; };
		623B545629B3665200F1939D /* LoginVC.swift */ = {isa = PBXFileReference; lastKnownFileType = sourcecode.swift; path = LoginVC.swift; sourceTree = "<group>"; };
		625C6CE029BC71A6002BF001 /* GoogleService-Info.plist */ = {isa = PBXFileReference; fileEncoding = 4; lastKnownFileType = text.plist.xml; path = "GoogleService-Info.plist"; sourceTree = "<group>"; };
		6274682929B3DEBF00BFB69F /* HomeVC.swift */ = {isa = PBXFileReference; lastKnownFileType = sourcecode.swift; path = HomeVC.swift; sourceTree = "<group>"; };
/* End PBXFileReference section */

/* Begin PBXFrameworksBuildPhase section */
		623B540B29B343E400F1939D /* Frameworks */ = {
			isa = PBXFrameworksBuildPhase;
			buildActionMask = 2147483647;
			files = (
				623B543029B3486800F1939D /* Lottie in Frameworks */,
				625C6CD529BC6E2A002BF001 /* FirebaseAuth in Frameworks */,
				623B543C29B34B7900F1939D /* Hero in Frameworks */,
				625C6CDF29BC6E2A002BF001 /* FirebaseStorage in Frameworks */,
				625C6CDB29BC6E2A002BF001 /* FirebaseDynamicLinks in Frameworks */,
				625C6CD729BC6E2A002BF001 /* FirebaseCrashlytics in Frameworks */,
				625C6CDD29BC6E2A002BF001 /* FirebaseFirestore in Frameworks */,
				625C6CD329BC6E2A002BF001 /* FirebaseAnalytics in Frameworks */,
				625C6CD929BC6E2A002BF001 /* FirebaseDatabase in Frameworks */,
				623B543629B3499900F1939D /* SnapKit in Frameworks */,
			);
			runOnlyForDeploymentPostprocessing = 0;
		};
/* End PBXFrameworksBuildPhase section */

/* Begin PBXGroup section */
		623B540529B343E400F1939D = {
			isa = PBXGroup;
			children = (
				623B541029B343E400F1939D /* Netflix_Clone */,
				623B540F29B343E400F1939D /* Products */,
			);
			sourceTree = "<group>";
		};
		623B540F29B343E400F1939D /* Products */ = {
			isa = PBXGroup;
			children = (
				623B540E29B343E400F1939D /* Netflix_Clone.app */,
			);
			name = Products;
			sourceTree = "<group>";
		};
		623B541029B343E400F1939D /* Netflix_Clone */ = {
			isa = PBXGroup;
			children = (
				623B542B29B3476C00F1939D /* Support */,
				623B543729B34B4D00F1939D /* Constants */,
				623B542A29B3475D00F1939D /* Scane */,
				623B543129B3487200F1939D /* Resources */,
				623B542229B343E500F1939D /* Info.plist */,
				623B541A29B343E400F1939D /* Netflix_Clone.xcdatamodeld */,
			);
			path = Netflix_Clone;
			sourceTree = "<group>";
		};
		623B542A29B3475D00F1939D /* Scane */ = {
			isa = PBXGroup;
			children = (
				623B542C29B347DC00F1939D /* AnimationVC.swift */,
				623B545429B3660500F1939D /* Onboardings */,
				623B545529B3662E00F1939D /* Login */,
				6274682829B3DEA600BFB69F /* Home */,
			);
			path = Scane;
			sourceTree = "<group>";
		};
		623B542B29B3476C00F1939D /* Support */ = {
			isa = PBXGroup;
			children = (
				623B541129B343E400F1939D /* AppDelegate.swift */,
			);
			path = Support;
			sourceTree = "<group>";
		};
		623B543129B3487200F1939D /* Resources */ = {
			isa = PBXGroup;
			children = (
				625C6CE029BC71A6002BF001 /* GoogleService-Info.plist */,
				623B544129B3566700F1939D /* Fonts */,
				623B543229B3489A00F1939D /* netflix.json */,
				623B541F29B343E500F1939D /* LaunchScreen.storyboard */,
				623B541329B343E400F1939D /* SceneDelegate.swift */,
				623B541D29B343E500F1939D /* Assets.xcassets */,
			);
			path = Resources;
			sourceTree = "<group>";
		};
		623B543729B34B4D00F1939D /* Constants */ = {
			isa = PBXGroup;
			children = (
				623B543829B34B5C00F1939D /* Presentation.swift */,
				623B543F29B34FF800F1939D /* ScreenW-H.swift */,
			);
			path = Constants;
			sourceTree = "<group>";
		};
		623B544129B3566700F1939D /* Fonts */ = {
			isa = PBXGroup;
			children = (
				623B544529B3567F00F1939D /* Inter-Bold.ttf */,
				623B544229B3567E00F1939D /* Inter-Light.ttf */,
				623B544329B3567E00F1939D /* Inter-Medium.ttf */,
				623B544429B3567F00F1939D /* Inter-Regular.ttf */,
				623B544629B3567F00F1939D /* Inter-SemiBold.ttf */,
				623B544729B3570E00F1939D /* Fonts.swift */,
			);
			path = Fonts;
			sourceTree = "<group>";
		};
		623B545429B3660500F1939D /* Onboardings */ = {
			isa = PBXGroup;
			children = (
				623B543D29B34BB800F1939D /* Onboarding1VC.swift */,
				623B544E29B35EEC00F1939D /* Onboarding2VC.swift */,
				623B545029B361F200F1939D /* Onboarding3VC.swift */,
				623B545229B3626200F1939D /* Onboarding4VC.swift */,
			);
			path = Onboardings;
			sourceTree = "<group>";
		};
		623B545529B3662E00F1939D /* Login */ = {
			isa = PBXGroup;
			children = (
				623B545629B3665200F1939D /* LoginVC.swift */,
			);
			path = Login;
			sourceTree = "<group>";
		};
		6274682829B3DEA600BFB69F /* Home */ = {
			isa = PBXGroup;
			children = (
				6274682929B3DEBF00BFB69F /* HomeVC.swift */,
			);
			path = Home;
			sourceTree = "<group>";
		};
/* End PBXGroup section */

/* Begin PBXNativeTarget section */
		623B540D29B343E400F1939D /* Netflix_Clone */ = {
			isa = PBXNativeTarget;
			buildConfigurationList = 623B542529B343E500F1939D /* Build configuration list for PBXNativeTarget "Netflix_Clone" */;
			buildPhases = (
				623B540A29B343E400F1939D /* Sources */,
				623B540B29B343E400F1939D /* Frameworks */,
				623B540C29B343E400F1939D /* Resources */,
			);
			buildRules = (
			);
			dependencies = (
			);
			name = Netflix_Clone;
			packageProductDependencies = (
				623B542F29B3486800F1939D /* Lottie */,
				623B543529B3499900F1939D /* SnapKit */,
				623B543B29B34B7900F1939D /* Hero */,
				625C6CD229BC6E2A002BF001 /* FirebaseAnalytics */,
				625C6CD429BC6E2A002BF001 /* FirebaseAuth */,
				625C6CD629BC6E2A002BF001 /* FirebaseCrashlytics */,
				625C6CD829BC6E2A002BF001 /* FirebaseDatabase */,
				625C6CDA29BC6E2A002BF001 /* FirebaseDynamicLinks */,
				625C6CDC29BC6E2A002BF001 /* FirebaseFirestore */,
				625C6CDE29BC6E2A002BF001 /* FirebaseStorage */,
			);
			productName = Netflix_Clone;
			productReference = 623B540E29B343E400F1939D /* Netflix_Clone.app */;
			productType = "com.apple.product-type.application";
		};
/* End PBXNativeTarget section */

/* Begin PBXProject section */
		623B540629B343E400F1939D /* Project object */ = {
			isa = PBXProject;
			attributes = {
				BuildIndependentTargetsInParallel = 1;
				LastSwiftUpdateCheck = 1420;
				LastUpgradeCheck = 1420;
				TargetAttributes = {
					623B540D29B343E400F1939D = {
						CreatedOnToolsVersion = 14.2;
					};
				};
			};
			buildConfigurationList = 623B540929B343E400F1939D /* Build configuration list for PBXProject "Netflix_Clone" */;
			compatibilityVersion = "Xcode 14.0";
			developmentRegion = en;
			hasScannedForEncodings = 0;
			knownRegions = (
				en,
				Base,
			);
			mainGroup = 623B540529B343E400F1939D;
			packageReferences = (
				623B542E29B3486800F1939D /* XCRemoteSwiftPackageReference "lottie-spm" */,
				623B543429B3499900F1939D /* XCRemoteSwiftPackageReference "SnapKit" */,
				623B543A29B34B7900F1939D /* XCRemoteSwiftPackageReference "Hero" */,
				625C6CD129BC6E2A002BF001 /* XCRemoteSwiftPackageReference "firebase-ios-sdk" */,
			);
			productRefGroup = 623B540F29B343E400F1939D /* Products */;
			projectDirPath = "";
			projectRoot = "";
			targets = (
				623B540D29B343E400F1939D /* Netflix_Clone */,
			);
		};
/* End PBXProject section */

/* Begin PBXResourcesBuildPhase section */
		623B540C29B343E400F1939D /* Resources */ = {
			isa = PBXResourcesBuildPhase;
			buildActionMask = 2147483647;
			files = (
				623B544B29B3579600F1939D /* Inter-Bold.ttf in Resources */,
				623B543329B3489A00F1939D /* netflix.json in Resources */,
				625C6CE129BC71A6002BF001 /* GoogleService-Info.plist in Resources */,
				623B542129B343E500F1939D /* LaunchScreen.storyboard in Resources */,
				623B544929B3579600F1939D /* Inter-Regular.ttf in Resources */,
				623B544D29B3579600F1939D /* Inter-Medium.ttf in Resources */,
				623B544A29B3579600F1939D /* Inter-SemiBold.ttf in Resources */,
				623B541E29B343E500F1939D /* Assets.xcassets in Resources */,
				623B544C29B3579600F1939D /* Inter-Light.ttf in Resources */,
			);
			runOnlyForDeploymentPostprocessing = 0;
		};
/* End PBXResourcesBuildPhase section */

/* Begin PBXSourcesBuildPhase section */
		623B540A29B343E400F1939D /* Sources */ = {
			isa = PBXSourcesBuildPhase;
			buildActionMask = 2147483647;
			files = (
				623B544829B3570E00F1939D /* Fonts.swift in Sources */,
				623B541C29B343E400F1939D /* Netflix_Clone.xcdatamodeld in Sources */,
				623B545729B3665200F1939D /* LoginVC.swift in Sources */,
				623B543E29B34BB800F1939D /* Onboarding1VC.swift in Sources */,
				6274682A29B3DEBF00BFB69F /* HomeVC.swift in Sources */,
				623B545129B361F200F1939D /* Onboarding3VC.swift in Sources */,
				623B541229B343E400F1939D /* AppDelegate.swift in Sources */,
				623B544F29B35EEC00F1939D /* Onboarding2VC.swift in Sources */,
				623B544029B34FF800F1939D /* ScreenW-H.swift in Sources */,
				623B542D29B347DC00F1939D /* AnimationVC.swift in Sources */,
				623B545329B3626200F1939D /* Onboarding4VC.swift in Sources */,
				623B543929B34B5C00F1939D /* Presentation.swift in Sources */,
				623B541429B343E400F1939D /* SceneDelegate.swift in Sources */,
			);
			runOnlyForDeploymentPostprocessing = 0;
		};
/* End PBXSourcesBuildPhase section */

/* Begin PBXVariantGroup section */
		623B541F29B343E500F1939D /* LaunchScreen.storyboard */ = {
			isa = PBXVariantGroup;
			children = (
				623B542029B343E500F1939D /* Base */,
			);
			name = LaunchScreen.storyboard;
			sourceTree = "<group>";
		};
/* End PBXVariantGroup section */

/* Begin XCBuildConfiguration section */
		623B542329B343E500F1939D /* Debug */ = {
			isa = XCBuildConfiguration;
			buildSettings = {
				ALWAYS_SEARCH_USER_PATHS = NO;
				CLANG_ANALYZER_NONNULL = YES;
				CLANG_ANALYZER_NUMBER_OBJECT_CONVERSION = YES_AGGRESSIVE;
				CLANG_CXX_LANGUAGE_STANDARD = "gnu++20";
				CLANG_ENABLE_MODULES = YES;
				CLANG_ENABLE_OBJC_ARC = YES;
				CLANG_ENABLE_OBJC_WEAK = YES;
				CLANG_WARN_BLOCK_CAPTURE_AUTORELEASING = YES;
				CLANG_WARN_BOOL_CONVERSION = YES;
				CLANG_WARN_COMMA = YES;
				CLANG_WARN_CONSTANT_CONVERSION = YES;
				CLANG_WARN_DEPRECATED_OBJC_IMPLEMENTATIONS = YES;
				CLANG_WARN_DIRECT_OBJC_ISA_USAGE = YES_ERROR;
				CLANG_WARN_DOCUMENTATION_COMMENTS = YES;
				CLANG_WARN_EMPTY_BODY = YES;
				CLANG_WARN_ENUM_CONVERSION = YES;
				CLANG_WARN_INFINITE_RECURSION = YES;
				CLANG_WARN_INT_CONVERSION = YES;
				CLANG_WARN_NON_LITERAL_NULL_CONVERSION = YES;
				CLANG_WARN_OBJC_IMPLICIT_RETAIN_SELF = YES;
				CLANG_WARN_OBJC_LITERAL_CONVERSION = YES;
				CLANG_WARN_OBJC_ROOT_CLASS = YES_ERROR;
				CLANG_WARN_QUOTED_INCLUDE_IN_FRAMEWORK_HEADER = YES;
				CLANG_WARN_RANGE_LOOP_ANALYSIS = YES;
				CLANG_WARN_STRICT_PROTOTYPES = YES;
				CLANG_WARN_SUSPICIOUS_MOVE = YES;
				CLANG_WARN_UNGUARDED_AVAILABILITY = YES_AGGRESSIVE;
				CLANG_WARN_UNREACHABLE_CODE = YES;
				CLANG_WARN__DUPLICATE_METHOD_MATCH = YES;
				COPY_PHASE_STRIP = NO;
				DEBUG_INFORMATION_FORMAT = dwarf;
				ENABLE_STRICT_OBJC_MSGSEND = YES;
				ENABLE_TESTABILITY = YES;
				GCC_C_LANGUAGE_STANDARD = gnu11;
				GCC_DYNAMIC_NO_PIC = NO;
				GCC_NO_COMMON_BLOCKS = YES;
				GCC_OPTIMIZATION_LEVEL = 0;
				GCC_PREPROCESSOR_DEFINITIONS = (
					"DEBUG=1",
					"$(inherited)",
				);
				GCC_WARN_64_TO_32_BIT_CONVERSION = YES;
				GCC_WARN_ABOUT_RETURN_TYPE = YES_ERROR;
				GCC_WARN_UNDECLARED_SELECTOR = YES;
				GCC_WARN_UNINITIALIZED_AUTOS = YES_AGGRESSIVE;
				GCC_WARN_UNUSED_FUNCTION = YES;
				GCC_WARN_UNUSED_VARIABLE = YES;
				IPHONEOS_DEPLOYMENT_TARGET = 16.2;
				MTL_ENABLE_DEBUG_INFO = INCLUDE_SOURCE;
				MTL_FAST_MATH = YES;
				ONLY_ACTIVE_ARCH = YES;
				SDKROOT = iphoneos;
				SWIFT_ACTIVE_COMPILATION_CONDITIONS = DEBUG;
				SWIFT_OPTIMIZATION_LEVEL = "-Onone";
			};
			name = Debug;
		};
		623B542429B343E500F1939D /* Release */ = {
			isa = XCBuildConfiguration;
			buildSettings = {
				ALWAYS_SEARCH_USER_PATHS = NO;
				CLANG_ANALYZER_NONNULL = YES;
				CLANG_ANALYZER_NUMBER_OBJECT_CONVERSION = YES_AGGRESSIVE;
				CLANG_CXX_LANGUAGE_STANDARD = "gnu++20";
				CLANG_ENABLE_MODULES = YES;
				CLANG_ENABLE_OBJC_ARC = YES;
				CLANG_ENABLE_OBJC_WEAK = YES;
				CLANG_WARN_BLOCK_CAPTURE_AUTORELEASING = YES;
				CLANG_WARN_BOOL_CONVERSION = YES;
				CLANG_WARN_COMMA = YES;
				CLANG_WARN_CONSTANT_CONVERSION = YES;
				CLANG_WARN_DEPRECATED_OBJC_IMPLEMENTATIONS = YES;
				CLANG_WARN_DIRECT_OBJC_ISA_USAGE = YES_ERROR;
				CLANG_WARN_DOCUMENTATION_COMMENTS = YES;
				CLANG_WARN_EMPTY_BODY = YES;
				CLANG_WARN_ENUM_CONVERSION = YES;
				CLANG_WARN_INFINITE_RECURSION = YES;
				CLANG_WARN_INT_CONVERSION = YES;
				CLANG_WARN_NON_LITERAL_NULL_CONVERSION = YES;
				CLANG_WARN_OBJC_IMPLICIT_RETAIN_SELF = YES;
				CLANG_WARN_OBJC_LITERAL_CONVERSION = YES;
				CLANG_WARN_OBJC_ROOT_CLASS = YES_ERROR;
				CLANG_WARN_QUOTED_INCLUDE_IN_FRAMEWORK_HEADER = YES;
				CLANG_WARN_RANGE_LOOP_ANALYSIS = YES;
				CLANG_WARN_STRICT_PROTOTYPES = YES;
				CLANG_WARN_SUSPICIOUS_MOVE = YES;
				CLANG_WARN_UNGUARDED_AVAILABILITY = YES_AGGRESSIVE;
				CLANG_WARN_UNREACHABLE_CODE = YES;
				CLANG_WARN__DUPLICATE_METHOD_MATCH = YES;
				COPY_PHASE_STRIP = NO;
				DEBUG_INFORMATION_FORMAT = "dwarf-with-dsym";
				ENABLE_NS_ASSERTIONS = NO;
				ENABLE_STRICT_OBJC_MSGSEND = YES;
				GCC_C_LANGUAGE_STANDARD = gnu11;
				GCC_NO_COMMON_BLOCKS = YES;
				GCC_WARN_64_TO_32_BIT_CONVERSION = YES;
				GCC_WARN_ABOUT_RETURN_TYPE = YES_ERROR;
				GCC_WARN_UNDECLARED_SELECTOR = YES;
				GCC_WARN_UNINITIALIZED_AUTOS = YES_AGGRESSIVE;
				GCC_WARN_UNUSED_FUNCTION = YES;
				GCC_WARN_UNUSED_VARIABLE = YES;
				IPHONEOS_DEPLOYMENT_TARGET = 16.2;
				MTL_ENABLE_DEBUG_INFO = NO;
				MTL_FAST_MATH = YES;
				SDKROOT = iphoneos;
				SWIFT_COMPILATION_MODE = wholemodule;
				SWIFT_OPTIMIZATION_LEVEL = "-O";
				VALIDATE_PRODUCT = YES;
			};
			name = Release;
		};
		623B542629B343E500F1939D /* Debug */ = {
			isa = XCBuildConfiguration;
			buildSettings = {
				ASSETCATALOG_COMPILER_APPICON_NAME = AppIcon;
				ASSETCATALOG_COMPILER_GLOBAL_ACCENT_COLOR_NAME = AccentColor;
				CODE_SIGN_STYLE = Automatic;
				CURRENT_PROJECT_VERSION = 1;
				DEVELOPMENT_TEAM = 9V239Z4Y8R;
				GENERATE_INFOPLIST_FILE = YES;
				INFOPLIST_FILE = Netflix_Clone/Info.plist;
				INFOPLIST_KEY_UIApplicationSupportsIndirectInputEvents = YES;
				INFOPLIST_KEY_UILaunchStoryboardName = LaunchScreen;
				INFOPLIST_KEY_UIMainStoryboardFile = "";
				INFOPLIST_KEY_UISupportedInterfaceOrientations_iPad = "UIInterfaceOrientationPortrait UIInterfaceOrientationPortraitUpsideDown UIInterfaceOrientationLandscapeLeft UIInterfaceOrientationLandscapeRight";
				INFOPLIST_KEY_UISupportedInterfaceOrientations_iPhone = "UIInterfaceOrientationPortrait UIInterfaceOrientationLandscapeLeft UIInterfaceOrientationLandscapeRight";
				LD_RUNPATH_SEARCH_PATHS = (
					"$(inherited)",
					"@executable_path/Frameworks",
				);
				MARKETING_VERSION = 1.0;
				PRODUCT_BUNDLE_IDENTIFIER = "RecepAkkoyun.Netflix-Clone";
				PRODUCT_NAME = "$(TARGET_NAME)";
				SWIFT_EMIT_LOC_STRINGS = YES;
				SWIFT_VERSION = 5.0;
				TARGETED_DEVICE_FAMILY = "1,2";
			};
			name = Debug;
		};
		623B542729B343E500F1939D /* Release */ = {
			isa = XCBuildConfiguration;
			buildSettings = {
				ASSETCATALOG_COMPILER_APPICON_NAME = AppIcon;
				ASSETCATALOG_COMPILER_GLOBAL_ACCENT_COLOR_NAME = AccentColor;
				CODE_SIGN_STYLE = Automatic;
				CURRENT_PROJECT_VERSION = 1;
				DEVELOPMENT_TEAM = 9V239Z4Y8R;
				GENERATE_INFOPLIST_FILE = YES;
				INFOPLIST_FILE = Netflix_Clone/Info.plist;
				INFOPLIST_KEY_UIApplicationSupportsIndirectInputEvents = YES;
				INFOPLIST_KEY_UILaunchStoryboardName = LaunchScreen;
				INFOPLIST_KEY_UIMainStoryboardFile = "";
				INFOPLIST_KEY_UISupportedInterfaceOrientations_iPad = "UIInterfaceOrientationPortrait UIInterfaceOrientationPortraitUpsideDown UIInterfaceOrientationLandscapeLeft UIInterfaceOrientationLandscapeRight";
				INFOPLIST_KEY_UISupportedInterfaceOrientations_iPhone = "UIInterfaceOrientationPortrait UIInterfaceOrientationLandscapeLeft UIInterfaceOrientationLandscapeRight";
				LD_RUNPATH_SEARCH_PATHS = (
					"$(inherited)",
					"@executable_path/Frameworks",
				);
				MARKETING_VERSION = 1.0;
				PRODUCT_BUNDLE_IDENTIFIER = "RecepAkkoyun.Netflix-Clone";
				PRODUCT_NAME = "$(TARGET_NAME)";
				SWIFT_EMIT_LOC_STRINGS = YES;
				SWIFT_VERSION = 5.0;
				TARGETED_DEVICE_FAMILY = "1,2";
			};
			name = Release;
		};
/* End XCBuildConfiguration section */

/* Begin XCConfigurationList section */
		623B540929B343E400F1939D /* Build configuration list for PBXProject "Netflix_Clone" */ = {
			isa = XCConfigurationList;
			buildConfigurations = (
				623B542329B343E500F1939D /* Debug */,
				623B542429B343E500F1939D /* Release */,
			);
			defaultConfigurationIsVisible = 0;
			defaultConfigurationName = Release;
		};
		623B542529B343E500F1939D /* Build configuration list for PBXNativeTarget "Netflix_Clone" */ = {
			isa = XCConfigurationList;
			buildConfigurations = (
				623B542629B343E500F1939D /* Debug */,
				623B542729B343E500F1939D /* Release */,
			);
			defaultConfigurationIsVisible = 0;
			defaultConfigurationName = Release;
		};
/* End XCConfigurationList section */

/* Begin XCRemoteSwiftPackageReference section */
		623B542E29B3486800F1939D /* XCRemoteSwiftPackageReference "lottie-spm" */ = {
			isa = XCRemoteSwiftPackageReference;
			repositoryURL = "https://github.com/airbnb/lottie-spm.git";
			requirement = {
				branch = main;
				kind = branch;
			};
		};
		623B543429B3499900F1939D /* XCRemoteSwiftPackageReference "SnapKit" */ = {
			isa = XCRemoteSwiftPackageReference;
			repositoryURL = "https://github.com/SnapKit/SnapKit.git";
			requirement = {
				branch = develop;
				kind = branch;
			};
		};
		623B543A29B34B7900F1939D /* XCRemoteSwiftPackageReference "Hero" */ = {
			isa = XCRemoteSwiftPackageReference;
			repositoryURL = "https://github.com/HeroTransitions/Hero.git";
			requirement = {
				branch = develop;
				kind = branch;
			};
		};
		625C6CD129BC6E2A002BF001 /* XCRemoteSwiftPackageReference "firebase-ios-sdk" */ = {
			isa = XCRemoteSwiftPackageReference;
			repositoryURL = "https://github.com/firebase/firebase-ios-sdk.git";
			requirement = {
				branch = master;
				kind = branch;
			};
		};
/* End XCRemoteSwiftPackageReference section */

/* Begin XCSwiftPackageProductDependency section */
		623B542F29B3486800F1939D /* Lottie */ = {
			isa = XCSwiftPackageProductDependency;
			package = 623B542E29B3486800F1939D /* XCRemoteSwiftPackageReference "lottie-spm" */;
			productName = Lottie;
		};
		623B543529B3499900F1939D /* SnapKit */ = {
			isa = XCSwiftPackageProductDependency;
			package = 623B543429B3499900F1939D /* XCRemoteSwiftPackageReference "SnapKit" */;
			productName = SnapKit;
		};
		623B543B29B34B7900F1939D /* Hero */ = {
			isa = XCSwiftPackageProductDependency;
			package = 623B543A29B34B7900F1939D /* XCRemoteSwiftPackageReference "Hero" */;
			productName = Hero;
		};
		625C6CD229BC6E2A002BF001 /* FirebaseAnalytics */ = {
			isa = XCSwiftPackageProductDependency;
			package = 625C6CD129BC6E2A002BF001 /* XCRemoteSwiftPackageReference "firebase-ios-sdk" */;
			productName = FirebaseAnalytics;
		};
		625C6CD429BC6E2A002BF001 /* FirebaseAuth */ = {
			isa = XCSwiftPackageProductDependency;
			package = 625C6CD129BC6E2A002BF001 /* XCRemoteSwiftPackageReference "firebase-ios-sdk" */;
			productName = FirebaseAuth;
		};
		625C6CD629BC6E2A002BF001 /* FirebaseCrashlytics */ = {
			isa = XCSwiftPackageProductDependency;
			package = 625C6CD129BC6E2A002BF001 /* XCRemoteSwiftPackageReference "firebase-ios-sdk" */;
			productName = FirebaseCrashlytics;
		};
		625C6CD829BC6E2A002BF001 /* FirebaseDatabase */ = {
			isa = XCSwiftPackageProductDependency;
			package = 625C6CD129BC6E2A002BF001 /* XCRemoteSwiftPackageReference "firebase-ios-sdk" */;
			productName = FirebaseDatabase;
		};
		625C6CDA29BC6E2A002BF001 /* FirebaseDynamicLinks */ = {
			isa = XCSwiftPackageProductDependency;
			package = 625C6CD129BC6E2A002BF001 /* XCRemoteSwiftPackageReference "firebase-ios-sdk" */;
			productName = FirebaseDynamicLinks;
		};
		625C6CDC29BC6E2A002BF001 /* FirebaseFirestore */ = {
			isa = XCSwiftPackageProductDependency;
			package = 625C6CD129BC6E2A002BF001 /* XCRemoteSwiftPackageReference "firebase-ios-sdk" */;
			productName = FirebaseFirestore;
		};
		625C6CDE29BC6E2A002BF001 /* FirebaseStorage */ = {
			isa = XCSwiftPackageProductDependency;
			package = 625C6CD129BC6E2A002BF001 /* XCRemoteSwiftPackageReference "firebase-ios-sdk" */;
			productName = FirebaseStorage;
		};
/* End XCSwiftPackageProductDependency section */

/* Begin XCVersionGroup section */
		623B541A29B343E400F1939D /* Netflix_Clone.xcdatamodeld */ = {
			isa = XCVersionGroup;
			children = (
				623B541B29B343E400F1939D /* Netflix_Clone.xcdatamodel */,
			);
			currentVersion = 623B541B29B343E400F1939D /* Netflix_Clone.xcdatamodel */;
			path = Netflix_Clone.xcdatamodeld;
			sourceTree = "<group>";
			versionGroupType = wrapper.xcdatamodel;
		};
/* End XCVersionGroup section */
	};
	rootObject = 623B540629B343E400F1939D /* Project object */;
}
